Microsoft Visual Studio Solution File, Format Version 12.00
# Visual Studio Version 17
VisualStudioVersion = 17.14.36717.8 d17.14
MinimumVisualStudioVersion = 10.0.40219.1
Project("{FAE04EC0-301F-11D3-BF4B-00C04F79EFBC}") = "AspireCsharpFunctional.AppHost", "AspireCsharpFunctional.AppHost\AspireCsharpFunctional.AppHost.csproj", "{C4139B37-8C61-473D-A55D-57800E6AE4E0}"
EndProject
Project("{FAE04EC0-301F-11D3-BF4B-00C04F79EFBC}") = "AspireCsharpFunctional.ServiceDefaults", "AspireCsharpFunctional.ServiceDefaults\AspireCsharpFunctional.ServiceDefaults.csproj", "{5287E794-DE78-D9B1-FF98-F071D5F20382}"
EndProject
Project("{FAE04EC0-301F-11D3-BF4B-00C04F79EFBC}") = "AspireCsharpFunctional.ApiService", "AspireCsharpFunctional.ApiService\AspireCsharpFunctional.ApiService.csproj", "{F6E678BF-F4F6-4AD9-D1C9-2EF66A99C3D2}"
EndProject
Project("{FAE04EC0-301F-11D3-BF4B-00C04F79EFBC}") = "AspireCsharpFunctional.Web", "AspireCsharpFunctional.Web\AspireCsharpFunctional.Web.csproj", "{54B7972D-C613-50C6-AC25-7602BD9D44FB}"
EndProject
Global
	GlobalSection(SolutionConfigurationPlatforms) = preSolution
		Debug|Any CPU = Debug|Any CPU
		Release|Any CPU = Release|Any CPU
	EndGlobalSection
	GlobalSection(ProjectConfigurationPlatforms) = postSolution
		{C4139B37-8C61-473D-A55D-57800E6AE4E0}.Debug|Any CPU.ActiveCfg = Debug|Any CPU
		{C4139B37-8C61-473D-A55D-57800E6AE4E0}.Debug|Any CPU.Build.0 = Debug|Any CPU
		{C4139B37-8C61-473D-A55D-57800E6AE4E0}.Release|Any CPU.ActiveCfg = Release|Any CPU
		{C4139B37-8C61-473D-A55D-57800E6AE4E0}.Release|Any CPU.Build.0 = Release|Any CPU
		{5287E794-DE78-D9B1-FF98-F071D5F20382}.Debug|Any CPU.ActiveCfg = Debug|Any CPU
		{5287E794-DE78-D9B1-FF98-F071D5F20382}.Debug|Any CPU.Build.0 = Debug|Any CPU
		{5287E794-DE78-D9B1-FF98-F071D5F20382}.Release|Any CPU.ActiveCfg = Release|Any CPU
		{5287E794-DE78-D9B1-FF98-F071D5F20382}.Release|Any CPU.Build.0 = Release|Any CPU
		{F6E678BF-F4F6-4AD9-D1C9-2EF66A99C3D2}.Debug|Any CPU.ActiveCfg = Debug|Any CPU
		{F6E678BF-F4F6-4AD9-D1C9-2EF66A99C3D2}.Debug|Any CPU.Build.0 = Debug|Any CPU
		{F6E678BF-F4F6-4AD9-D1C9-2EF66A99C3D2}.Release|Any CPU.ActiveCfg = Release|Any CPU
		{F6E678BF-F4F6-4AD9-D1C9-2EF66A99C3D2}.Release|Any CPU.Build.0 = Release|Any CPU
		{54B7972D-C613-50C6-AC25-7602BD9D44FB}.Debug|Any CPU.ActiveCfg = Debug|Any CPU
		{54B7972D-C613-50C6-AC25-7602BD9D44FB}.Debug|Any CPU.Build.0 = Debug|Any CPU
		{54B7972D-C613-50C6-AC25-7602BD9D44FB}.Release|Any CPU.ActiveCfg = Release|Any CPU
		{54B7972D-C613-50C6-AC25-7602BD9D44FB}.Release|Any CPU.Build.0 = Release|Any CPU
	EndGlobalSection
	GlobalSection(SolutionProperties) = preSolution
		HideSolutionNode = FALSE
	EndGlobalSection
	GlobalSection(ExtensibilityGlobals) = postSolution
		SolutionGuid = {01095D7A-36B4-40FD-9915-135FEE3F0F60}
	EndGlobalSection
EndGlobal
